
Microsoft Visual Studio Solution File, Format Version 12.00
# Visual Studio 15
VisualStudioVersion = 15.0.27703.2018
MinimumVisualStudioVersion = 10.0.40219.1
Project("{FAE04EC0-301F-11D3-BF4B-00C04F79EFBC}") = "IPAddressValidatorKata", "IPAddressValidatorKata\IPAddressValidatorKata.csproj", "{8B2F919B-BCBF-4F42-8686-3AEB12946322}"
EndProject
Project("{FAE04EC0-301F-11D3-BF4B-00C04F79EFBC}") = "IPAddressValidatorKataTests", "IPAddressValidatorKataTests\IPAddressValidatorKataTests.csproj", "{831FA09A-1A09-4C28-ADB7-2DD02DCCAF28}"
EndProject
Global
	GlobalSection(SolutionConfigurationPlatforms) = preSolution
		Debug|Any CPU = Debug|Any CPU
		Release|Any CPU = Release|Any CPU
	EndGlobalSection
	GlobalSection(ProjectConfigurationPlatforms) = postSolution
		{8B2F919B-BCBF-4F42-8686-3AEB12946322}.Debug|Any CPU.ActiveCfg = Debug|Any CPU
		{8B2F919B-BCBF-4F42-8686-3AEB12946322}.Debug|Any CPU.Build.0 = Debug|Any CPU
		{8B2F919B-BCBF-4F42-8686-3AEB12946322}.Release|Any CPU.ActiveCfg = Release|Any CPU
		{8B2F919B-BCBF-4F42-8686-3AEB12946322}.Release|Any CPU.Build.0 = Release|Any CPU
		{831FA09A-1A09-4C28-ADB7-2DD02DCCAF28}.Debug|Any CPU.ActiveCfg = Debug|Any CPU
		{831FA09A-1A09-4C28-ADB7-2DD02DCCAF28}.Debug|Any CPU.Build.0 = Debug|Any CPU
		{831FA09A-1A09-4C28-ADB7-2DD02DCCAF28}.Release|Any CPU.ActiveCfg = Release|Any CPU
		{831FA09A-1A09-4C28-ADB7-2DD02DCCAF28}.Release|Any CPU.Build.0 = Release|Any CPU
	EndGlobalSection
	GlobalSection(SolutionProperties) = preSolution
		HideSolutionNode = FALSE
	EndGlobalSection
	GlobalSection(ExtensibilityGlobals) = postSolution
		SolutionGuid = {42E34B5F-1D36-4123-9BC2-D983A33D95A9}
	EndGlobalSection
EndGlobal
